
Microsoft Visual Studio Solution File, Format Version 12.00
# Visual Studio 15
VisualStudioVersion = 15.0.27004.2009
MinimumVisualStudioVersion = 10.0.40219.1
Project("{2150E333-8FDC-42A3-9474-1A3956D46DE8}") = "Identity", "Identity", "{BCAA9CBF-CEF6-47C4-A268-0D1430BF2B9C}"
EndProject
Project("{2150E333-8FDC-42A3-9474-1A3956D46DE8}") = "Infrastructure", "Infrastructure", "{FE3EC4A2-C771-4192-9994-1CF91BCA4AF3}"
EndProject
Project("{FAE04EC0-301F-11D3-BF4B-00C04F79EFBC}") = "MyNote.Infrastructure.Model", "MyNote.Infrastructure.Model\MyNote.Infrastructure.Model.csproj", "{D64C4C88-1A5A-408D-8916-CD42056521F0}"
EndProject
Project("{FAE04EC0-301F-11D3-BF4B-00C04F79EFBC}") = "MyNote.Identity.Domain", "Identity\MyNote.Identity.Domain\MyNote.Identity.Domain.csproj", "{5EAAE7C5-B2FB-45A2-B4E7-1A98A66A6C8C}"
EndProject
Project("{FAE04EC0-301F-11D3-BF4B-00C04F79EFBC}") = "MyNote.Identity.Infrastructure", "Identity\MyNote.Identity.Infrastructure\MyNote.Identity.Infrastructure.csproj", "{49091B29-8B2A-4B09-AE37-E744238FF82F}"
EndProject
Project("{FAE04EC0-301F-11D3-BF4B-00C04F79EFBC}") = "MyNote.Identity.Test", "Identity\MyNote.Identity.Test\MyNote.Identity.Test.csproj", "{87D237C9-C3D8-4667-82BF-5373021B68CE}"
EndProject
Project("{9A19103F-16F7-4668-BE54-9A1E7A4F7556}") = "MyNote.Identity.API", "MyNote.Identity.API\MyNote.Identity.API.csproj", "{064F7CE8-FA5B-480D-BF6A-3E6EFFD6FBAC}"
EndProject
Project("{2150E333-8FDC-42A3-9474-1A3956D46DE8}") = "Notes", "Notes", "{D603FF36-F784-4292-95D7-2B173AFC5551}"
EndProject
Project("{FAE04EC0-301F-11D3-BF4B-00C04F79EFBC}") = "MyNote.Notes.Domain", "MyNote.Notes.Domain\MyNote.Notes.Domain.csproj", "{CCDAF118-2499-4451-828A-65B645E6696C}"
EndProject
Project("{9A19103F-16F7-4668-BE54-9A1E7A4F7556}") = "MyNote.Notes.API", "MyNote.Notes.API\MyNote.Notes.API.csproj", "{A733417F-FFE3-432C-9790-02331F738168}"
EndProject
Project("{FAE04EC0-301F-11D3-BF4B-00C04F79EFBC}") = "MyNote.Notes.Infrastructure", "MyNote.Notes.Infrastructure\MyNote.Notes.Infrastructure.csproj", "{2C2C257B-6D22-45B6-9FCB-E60EA7AD8D4D}"
EndProject
Project("{2150E333-8FDC-42A3-9474-1A3956D46DE8}") = "UI", "UI", "{278C9ECF-A71B-47C8-AE57-9A9EF5A4CCD0}"
EndProject
Project("{9A19103F-16F7-4668-BE54-9A1E7A4F7556}") = "MyNote.MVC", "MyNote.MVC\MyNote.MVC.csproj", "{AA3270EE-DB28-4187-8830-286C5FBD0F67}"
EndProject
Project("{2150E333-8FDC-42A3-9474-1A3956D46DE8}") = "Tests", "Tests", "{BB31BF97-8453-4ACF-9BE1-C2158827D4B1}"
EndProject
Project("{FAE04EC0-301F-11D3-BF4B-00C04F79EFBC}") = "MyNote.Tests", "MyNote.Tests\MyNote.Tests.csproj", "{261D2C8A-DF1B-4F1C-80FC-F8C449C15891}"
EndProject
Global
	GlobalSection(SolutionConfigurationPlatforms) = preSolution
		Debug|Any CPU = Debug|Any CPU
		Release|Any CPU = Release|Any CPU
	EndGlobalSection
	GlobalSection(ProjectConfigurationPlatforms) = postSolution
		{D64C4C88-1A5A-408D-8916-CD42056521F0}.Debug|Any CPU.ActiveCfg = Debug|Any CPU
		{D64C4C88-1A5A-408D-8916-CD42056521F0}.Debug|Any CPU.Build.0 = Debug|Any CPU
		{D64C4C88-1A5A-408D-8916-CD42056521F0}.Release|Any CPU.ActiveCfg = Release|Any CPU
		{D64C4C88-1A5A-408D-8916-CD42056521F0}.Release|Any CPU.Build.0 = Release|Any CPU
		{5EAAE7C5-B2FB-45A2-B4E7-1A98A66A6C8C}.Debug|Any CPU.ActiveCfg = Debug|Any CPU
		{5EAAE7C5-B2FB-45A2-B4E7-1A98A66A6C8C}.Debug|Any CPU.Build.0 = Debug|Any CPU
		{5EAAE7C5-B2FB-45A2-B4E7-1A98A66A6C8C}.Release|Any CPU.ActiveCfg = Release|Any CPU
		{5EAAE7C5-B2FB-45A2-B4E7-1A98A66A6C8C}.Release|Any CPU.Build.0 = Release|Any CPU
		{49091B29-8B2A-4B09-AE37-E744238FF82F}.Debug|Any CPU.ActiveCfg = Debug|Any CPU
		{49091B29-8B2A-4B09-AE37-E744238FF82F}.Debug|Any CPU.Build.0 = Debug|Any CPU
		{49091B29-8B2A-4B09-AE37-E744238FF82F}.Release|Any CPU.ActiveCfg = Release|Any CPU
		{49091B29-8B2A-4B09-AE37-E744238FF82F}.Release|Any CPU.Build.0 = Release|Any CPU
		{87D237C9-C3D8-4667-82BF-5373021B68CE}.Debug|Any CPU.ActiveCfg = Debug|Any CPU
		{87D237C9-C3D8-4667-82BF-5373021B68CE}.Debug|Any CPU.Build.0 = Debug|Any CPU
		{87D237C9-C3D8-4667-82BF-5373021B68CE}.Release|Any CPU.ActiveCfg = Release|Any CPU
		{87D237C9-C3D8-4667-82BF-5373021B68CE}.Release|Any CPU.Build.0 = Release|Any CPU
		{064F7CE8-FA5B-480D-BF6A-3E6EFFD6FBAC}.Debug|Any CPU.ActiveCfg = Debug|Any CPU
		{064F7CE8-FA5B-480D-BF6A-3E6EFFD6FBAC}.Debug|Any CPU.Build.0 = Debug|Any CPU
		{064F7CE8-FA5B-480D-BF6A-3E6EFFD6FBAC}.Release|Any CPU.ActiveCfg = Release|Any CPU
		{064F7CE8-FA5B-480D-BF6A-3E6EFFD6FBAC}.Release|Any CPU.Build.0 = Release|Any CPU
		{CCDAF118-2499-4451-828A-65B645E6696C}.Debug|Any CPU.ActiveCfg = Debug|Any CPU
		{CCDAF118-2499-4451-828A-65B645E6696C}.Debug|Any CPU.Build.0 = Debug|Any CPU
		{CCDAF118-2499-4451-828A-65B645E6696C}.Release|Any CPU.ActiveCfg = Release|Any CPU
		{CCDAF118-2499-4451-828A-65B645E6696C}.Release|Any CPU.Build.0 = Release|Any CPU
		{A733417F-FFE3-432C-9790-02331F738168}.Debug|Any CPU.ActiveCfg = Debug|Any CPU
		{A733417F-FFE3-432C-9790-02331F738168}.Debug|Any CPU.Build.0 = Debug|Any CPU
		{A733417F-FFE3-432C-9790-02331F738168}.Release|Any CPU.ActiveCfg = Release|Any CPU
		{A733417F-FFE3-432C-9790-02331F738168}.Release|Any CPU.Build.0 = Release|Any CPU
		{2C2C257B-6D22-45B6-9FCB-E60EA7AD8D4D}.Debug|Any CPU.ActiveCfg = Debug|Any CPU
		{2C2C257B-6D22-45B6-9FCB-E60EA7AD8D4D}.Debug|Any CPU.Build.0 = Debug|Any CPU
		{2C2C257B-6D22-45B6-9FCB-E60EA7AD8D4D}.Release|Any CPU.ActiveCfg = Release|Any CPU
		{2C2C257B-6D22-45B6-9FCB-E60EA7AD8D4D}.Release|Any CPU.Build.0 = Release|Any CPU
		{AA3270EE-DB28-4187-8830-286C5FBD0F67}.Debug|Any CPU.ActiveCfg = Debug|Any CPU
		{AA3270EE-DB28-4187-8830-286C5FBD0F67}.Debug|Any CPU.Build.0 = Debug|Any CPU
		{AA3270EE-DB28-4187-8830-286C5FBD0F67}.Release|Any CPU.ActiveCfg = Release|Any CPU
		{AA3270EE-DB28-4187-8830-286C5FBD0F67}.Release|Any CPU.Build.0 = Release|Any CPU
		{261D2C8A-DF1B-4F1C-80FC-F8C449C15891}.Debug|Any CPU.ActiveCfg = Debug|Any CPU
		{261D2C8A-DF1B-4F1C-80FC-F8C449C15891}.Debug|Any CPU.Build.0 = Debug|Any CPU
		{261D2C8A-DF1B-4F1C-80FC-F8C449C15891}.Release|Any CPU.ActiveCfg = Release|Any CPU
		{261D2C8A-DF1B-4F1C-80FC-F8C449C15891}.Release|Any CPU.Build.0 = Release|Any CPU
	EndGlobalSection
	GlobalSection(SolutionProperties) = preSolution
		HideSolutionNode = FALSE
	EndGlobalSection
	GlobalSection(NestedProjects) = preSolution
		{D64C4C88-1A5A-408D-8916-CD42056521F0} = {FE3EC4A2-C771-4192-9994-1CF91BCA4AF3}
		{5EAAE7C5-B2FB-45A2-B4E7-1A98A66A6C8C} = {BCAA9CBF-CEF6-47C4-A268-0D1430BF2B9C}
		{49091B29-8B2A-4B09-AE37-E744238FF82F} = {BCAA9CBF-CEF6-47C4-A268-0D1430BF2B9C}
		{87D237C9-C3D8-4667-82BF-5373021B68CE} = {BCAA9CBF-CEF6-47C4-A268-0D1430BF2B9C}
		{064F7CE8-FA5B-480D-BF6A-3E6EFFD6FBAC} = {BCAA9CBF-CEF6-47C4-A268-0D1430BF2B9C}
		{CCDAF118-2499-4451-828A-65B645E6696C} = {D603FF36-F784-4292-95D7-2B173AFC5551}
		{A733417F-FFE3-432C-9790-02331F738168} = {D603FF36-F784-4292-95D7-2B173AFC5551}
		{2C2C257B-6D22-45B6-9FCB-E60EA7AD8D4D} = {D603FF36-F784-4292-95D7-2B173AFC5551}
		{AA3270EE-DB28-4187-8830-286C5FBD0F67} = {278C9ECF-A71B-47C8-AE57-9A9EF5A4CCD0}
		{261D2C8A-DF1B-4F1C-80FC-F8C449C15891} = {BB31BF97-8453-4ACF-9BE1-C2158827D4B1}
	EndGlobalSection
	GlobalSection(ExtensibilityGlobals) = postSolution
		SolutionGuid = {43F50022-3CD1-43F9-9C90-D2C3FB5A228F}
	EndGlobalSection
EndGlobal
