
Microsoft Visual Studio Solution File, Format Version 12.00
# Visual Studio 15
VisualStudioVersion = 15.0.26730.10
MinimumVisualStudioVersion = 10.0.40219.1
Project("{2150E333-8FDC-42A3-9474-1A3956D46DE8}") = "Identity", "Identity", "{985525DF-8B04-44AE-A620-689ABE0F486F}"
EndProject
Project("{E53339B2-1760-4266-BCC7-CA923CBCF16C}") = "docker-compose", "docker-compose.dcproj", "{796B831A-5697-4C41-85C6-BDA5228ABA78}"
EndProject
Project("{FAE04EC0-301F-11D3-BF4B-00C04F79EFBC}") = "Identity.API", "Identity.API\Identity.API.csproj", "{28534BB5-1D8B-4F7C-A21E-A2E354AA8BCF}"
EndProject
Global
	GlobalSection(SolutionConfigurationPlatforms) = preSolution
		Debug|Any CPU = Debug|Any CPU
		Release|Any CPU = Release|Any CPU
	EndGlobalSection
	GlobalSection(ProjectConfigurationPlatforms) = postSolution
		{796B831A-5697-4C41-85C6-BDA5228ABA78}.Debug|Any CPU.ActiveCfg = Debug|Any CPU
		{796B831A-5697-4C41-85C6-BDA5228ABA78}.Debug|Any CPU.Build.0 = Debug|Any CPU
		{796B831A-5697-4C41-85C6-BDA5228ABA78}.Release|Any CPU.ActiveCfg = Release|Any CPU
		{796B831A-5697-4C41-85C6-BDA5228ABA78}.Release|Any CPU.Build.0 = Release|Any CPU
		{28534BB5-1D8B-4F7C-A21E-A2E354AA8BCF}.Debug|Any CPU.ActiveCfg = Debug|Any CPU
		{28534BB5-1D8B-4F7C-A21E-A2E354AA8BCF}.Debug|Any CPU.Build.0 = Debug|Any CPU
		{28534BB5-1D8B-4F7C-A21E-A2E354AA8BCF}.Release|Any CPU.ActiveCfg = Release|Any CPU
		{28534BB5-1D8B-4F7C-A21E-A2E354AA8BCF}.Release|Any CPU.Build.0 = Release|Any CPU
	EndGlobalSection
	GlobalSection(SolutionProperties) = preSolution
		HideSolutionNode = FALSE
	EndGlobalSection
	GlobalSection(NestedProjects) = preSolution
		{28534BB5-1D8B-4F7C-A21E-A2E354AA8BCF} = {985525DF-8B04-44AE-A620-689ABE0F486F}
	EndGlobalSection
	GlobalSection(ExtensibilityGlobals) = postSolution
		SolutionGuid = {76B790E5-1E5B-4D4E-8E23-30A50DB6D49E}
	EndGlobalSection
EndGlobal
